
Microsoft Visual Studio Solution File, Format Version 12.00
# Visual Studio 15
Project("{FAE04EC0-301F-11D3-BF4B-00C04F79EFBC}") = "Assembly-CSharp", "Assembly-CSharp.csproj", "{AEA2E3F0-209B-47C7-CEA8-AF5AF1232351}"
EndProject
Global
	GlobalSection(SolutionConfigurationPlatforms) = preSolution
		Debug|Any CPU = Debug|Any CPU
		Release|Any CPU = Release|Any CPU
	EndGlobalSection
	GlobalSection(ProjectConfigurationPlatforms) = postSolution
		{AEA2E3F0-209B-47C7-CEA8-AF5AF1232351}.Debug|Any CPU.ActiveCfg = Debug|Any CPU
		{AEA2E3F0-209B-47C7-CEA8-AF5AF1232351}.Debug|Any CPU.Build.0 = Debug|Any CPU
		{AEA2E3F0-209B-47C7-CEA8-AF5AF1232351}.Release|Any CPU.ActiveCfg = Release|Any CPU
		{AEA2E3F0-209B-47C7-CEA8-AF5AF1232351}.Release|Any CPU.Build.0 = Release|Any CPU
	EndGlobalSection
	GlobalSection(SolutionProperties) = preSolution
		HideSolutionNode = FALSE
	EndGlobalSection
EndGlobal
